
Microsoft Visual Studio Solution File, Format Version 12.00
Project("{FAE04EC0-301F-11D3-BF4B-00C04F79EFBC}") = "ServiceLocator", "ServiceLocator\ServiceLocator\ServiceLocator.csproj", "{A49CED2B-8A28-4F77-A454-14FED1C0E2C2}"
EndProject
Project("{FAE04EC0-301F-11D3-BF4B-00C04F79EFBC}") = "ServiceLocator.Android", "ServiceLocator\ServiceLocator.Android\ServiceLocator.Android.csproj", "{6222B1AC-1EEC-4FA0-A44A-3C9CDAA42764}"
EndProject
Project("{FAE04EC0-301F-11D3-BF4B-00C04F79EFBC}") = "ServiceLocator.iOS", "ServiceLocator\ServiceLocator.iOS\ServiceLocator.iOS.csproj", "{DDE057B9-5BBB-4417-B335-892681F33BEC}"
EndProject
Global
	GlobalSection(SolutionConfigurationPlatforms) = preSolution
		Ad-Hoc|iPhone = Ad-Hoc|iPhone
		AppStore|iPhone = AppStore|iPhone
		Debug|Any CPU = Debug|Any CPU
		Debug|iPhone = Debug|iPhone
		Debug|iPhoneSimulator = Debug|iPhoneSimulator
		Release|Any CPU = Release|Any CPU
		Release|iPhone = Release|iPhone
		Release|iPhoneSimulator = Release|iPhoneSimulator
	EndGlobalSection
	GlobalSection(ProjectConfigurationPlatforms) = postSolution
		{A49CED2B-8A28-4F77-A454-14FED1C0E2C2}.Ad-Hoc|iPhone.ActiveCfg = Debug|Any CPU
		{A49CED2B-8A28-4F77-A454-14FED1C0E2C2}.Ad-Hoc|iPhone.Build.0 = Debug|Any CPU
		{A49CED2B-8A28-4F77-A454-14FED1C0E2C2}.AppStore|iPhone.ActiveCfg = Debug|Any CPU
		{A49CED2B-8A28-4F77-A454-14FED1C0E2C2}.AppStore|iPhone.Build.0 = Debug|Any CPU
		{A49CED2B-8A28-4F77-A454-14FED1C0E2C2}.Debug|Any CPU.ActiveCfg = Debug|Any CPU
		{A49CED2B-8A28-4F77-A454-14FED1C0E2C2}.Debug|Any CPU.Build.0 = Debug|Any CPU
		{A49CED2B-8A28-4F77-A454-14FED1C0E2C2}.Debug|iPhone.ActiveCfg = Debug|Any CPU
		{A49CED2B-8A28-4F77-A454-14FED1C0E2C2}.Debug|iPhone.Build.0 = Debug|Any CPU
		{A49CED2B-8A28-4F77-A454-14FED1C0E2C2}.Debug|iPhoneSimulator.ActiveCfg = Debug|Any CPU
		{A49CED2B-8A28-4F77-A454-14FED1C0E2C2}.Debug|iPhoneSimulator.Build.0 = Debug|Any CPU
		{A49CED2B-8A28-4F77-A454-14FED1C0E2C2}.Release|Any CPU.ActiveCfg = Release|Any CPU
		{A49CED2B-8A28-4F77-A454-14FED1C0E2C2}.Release|Any CPU.Build.0 = Release|Any CPU
		{A49CED2B-8A28-4F77-A454-14FED1C0E2C2}.Release|iPhone.ActiveCfg = Release|Any CPU
		{A49CED2B-8A28-4F77-A454-14FED1C0E2C2}.Release|iPhone.Build.0 = Release|Any CPU
		{A49CED2B-8A28-4F77-A454-14FED1C0E2C2}.Release|iPhoneSimulator.ActiveCfg = Release|Any CPU
		{A49CED2B-8A28-4F77-A454-14FED1C0E2C2}.Release|iPhoneSimulator.Build.0 = Release|Any CPU
		{6222B1AC-1EEC-4FA0-A44A-3C9CDAA42764}.Ad-Hoc|iPhone.ActiveCfg = Debug|Any CPU
		{6222B1AC-1EEC-4FA0-A44A-3C9CDAA42764}.Ad-Hoc|iPhone.Build.0 = Debug|Any CPU
		{6222B1AC-1EEC-4FA0-A44A-3C9CDAA42764}.Ad-Hoc|iPhone.Deploy.0 = Debug|Any CPU
		{6222B1AC-1EEC-4FA0-A44A-3C9CDAA42764}.AppStore|iPhone.ActiveCfg = Debug|Any CPU
		{6222B1AC-1EEC-4FA0-A44A-3C9CDAA42764}.AppStore|iPhone.Build.0 = Debug|Any CPU
		{6222B1AC-1EEC-4FA0-A44A-3C9CDAA42764}.AppStore|iPhone.Deploy.0 = Debug|Any CPU
		{6222B1AC-1EEC-4FA0-A44A-3C9CDAA42764}.Debug|Any CPU.ActiveCfg = Debug|Any CPU
		{6222B1AC-1EEC-4FA0-A44A-3C9CDAA42764}.Debug|Any CPU.Build.0 = Debug|Any CPU
		{6222B1AC-1EEC-4FA0-A44A-3C9CDAA42764}.Debug|Any CPU.Deploy.0 = Debug|Any CPU
		{6222B1AC-1EEC-4FA0-A44A-3C9CDAA42764}.Debug|iPhone.ActiveCfg = Debug|Any CPU
		{6222B1AC-1EEC-4FA0-A44A-3C9CDAA42764}.Debug|iPhone.Build.0 = Debug|Any CPU
		{6222B1AC-1EEC-4FA0-A44A-3C9CDAA42764}.Debug|iPhone.Deploy.0 = Debug|Any CPU
		{6222B1AC-1EEC-4FA0-A44A-3C9CDAA42764}.Debug|iPhoneSimulator.ActiveCfg = Debug|Any CPU
		{6222B1AC-1EEC-4FA0-A44A-3C9CDAA42764}.Debug|iPhoneSimulator.Build.0 = Debug|Any CPU
		{6222B1AC-1EEC-4FA0-A44A-3C9CDAA42764}.Debug|iPhoneSimulator.Deploy.0 = Debug|Any CPU
		{6222B1AC-1EEC-4FA0-A44A-3C9CDAA42764}.Release|Any CPU.ActiveCfg = Release|Any CPU
		{6222B1AC-1EEC-4FA0-A44A-3C9CDAA42764}.Release|Any CPU.Build.0 = Release|Any CPU
		{6222B1AC-1EEC-4FA0-A44A-3C9CDAA42764}.Release|Any CPU.Deploy.0 = Release|Any CPU
		{6222B1AC-1EEC-4FA0-A44A-3C9CDAA42764}.Release|iPhone.ActiveCfg = Release|Any CPU
		{6222B1AC-1EEC-4FA0-A44A-3C9CDAA42764}.Release|iPhone.Build.0 = Release|Any CPU
		{6222B1AC-1EEC-4FA0-A44A-3C9CDAA42764}.Release|iPhone.Deploy.0 = Release|Any CPU
		{6222B1AC-1EEC-4FA0-A44A-3C9CDAA42764}.Release|iPhoneSimulator.ActiveCfg = Release|Any CPU
		{6222B1AC-1EEC-4FA0-A44A-3C9CDAA42764}.Release|iPhoneSimulator.Build.0 = Release|Any CPU
		{6222B1AC-1EEC-4FA0-A44A-3C9CDAA42764}.Release|iPhoneSimulator.Deploy.0 = Release|Any CPU
		{DDE057B9-5BBB-4417-B335-892681F33BEC}.Ad-Hoc|iPhone.ActiveCfg = Ad-Hoc|iPhone
		{DDE057B9-5BBB-4417-B335-892681F33BEC}.Ad-Hoc|iPhone.Build.0 = Ad-Hoc|iPhone
		{DDE057B9-5BBB-4417-B335-892681F33BEC}.Ad-Hoc|iPhone.Deploy.0 = Ad-Hoc|iPhone
		{DDE057B9-5BBB-4417-B335-892681F33BEC}.AppStore|iPhone.ActiveCfg = AppStore|iPhone
		{DDE057B9-5BBB-4417-B335-892681F33BEC}.AppStore|iPhone.Build.0 = AppStore|iPhone
		{DDE057B9-5BBB-4417-B335-892681F33BEC}.AppStore|iPhone.Deploy.0 = AppStore|iPhone
		{DDE057B9-5BBB-4417-B335-892681F33BEC}.Debug|Any CPU.ActiveCfg = Debug|iPhoneSimulator
		{DDE057B9-5BBB-4417-B335-892681F33BEC}.Debug|Any CPU.Build.0 = Debug|iPhoneSimulator
		{DDE057B9-5BBB-4417-B335-892681F33BEC}.Debug|Any CPU.Deploy.0 = Debug|iPhoneSimulator
		{DDE057B9-5BBB-4417-B335-892681F33BEC}.Debug|iPhone.ActiveCfg = Debug|iPhone
		{DDE057B9-5BBB-4417-B335-892681F33BEC}.Debug|iPhone.Build.0 = Debug|iPhone
		{DDE057B9-5BBB-4417-B335-892681F33BEC}.Debug|iPhone.Deploy.0 = Debug|iPhone
		{DDE057B9-5BBB-4417-B335-892681F33BEC}.Debug|iPhoneSimulator.ActiveCfg = Debug|iPhoneSimulator
		{DDE057B9-5BBB-4417-B335-892681F33BEC}.Debug|iPhoneSimulator.Build.0 = Debug|iPhoneSimulator
		{DDE057B9-5BBB-4417-B335-892681F33BEC}.Debug|iPhoneSimulator.Deploy.0 = Debug|iPhoneSimulator
		{DDE057B9-5BBB-4417-B335-892681F33BEC}.Release|Any CPU.ActiveCfg = Release|iPhoneSimulator
		{DDE057B9-5BBB-4417-B335-892681F33BEC}.Release|Any CPU.Build.0 = Release|iPhoneSimulator
		{DDE057B9-5BBB-4417-B335-892681F33BEC}.Release|Any CPU.Deploy.0 = Release|iPhoneSimulator
		{DDE057B9-5BBB-4417-B335-892681F33BEC}.Release|iPhone.ActiveCfg = Release|iPhone
		{DDE057B9-5BBB-4417-B335-892681F33BEC}.Release|iPhone.Build.0 = Release|iPhone
		{DDE057B9-5BBB-4417-B335-892681F33BEC}.Release|iPhone.Deploy.0 = Release|iPhone
		{DDE057B9-5BBB-4417-B335-892681F33BEC}.Release|iPhoneSimulator.ActiveCfg = Release|iPhoneSimulator
		{DDE057B9-5BBB-4417-B335-892681F33BEC}.Release|iPhoneSimulator.Build.0 = Release|iPhoneSimulator
		{DDE057B9-5BBB-4417-B335-892681F33BEC}.Release|iPhoneSimulator.Deploy.0 = Release|iPhoneSimulator
	EndGlobalSection
EndGlobal
